
Microsoft Visual Studio Solution File, Format Version 12.00
# Visual Studio Version 16
VisualStudioVersion = 16.0.31313.79
MinimumVisualStudioVersion = 10.0.40219.1
Project("{8BC9CEB8-8B4A-11D0-8D11-00A0C91BC942}") = "FibonacciNumbers", "FibonacciNumbers\FibonacciNumbers.vcxproj", "{57F0ACA9-7AAA-4352-82B2-D03D9FD4C3D3}"
EndProject
Global
	GlobalSection(SolutionConfigurationPlatforms) = preSolution
		Debug|x64 = Debug|x64
		Debug|x86 = Debug|x86
		Release|x64 = Release|x64
		Release|x86 = Release|x86
	EndGlobalSection
	GlobalSection(ProjectConfigurationPlatforms) = postSolution
		{57F0ACA9-7AAA-4352-82B2-D03D9FD4C3D3}.Debug|x64.ActiveCfg = Debug|x64
		{57F0ACA9-7AAA-4352-82B2-D03D9FD4C3D3}.Debug|x64.Build.0 = Debug|x64
		{57F0ACA9-7AAA-4352-82B2-D03D9FD4C3D3}.Debug|x86.ActiveCfg = Debug|Win32
		{57F0ACA9-7AAA-4352-82B2-D03D9FD4C3D3}.Debug|x86.Build.0 = Debug|Win32
		{57F0ACA9-7AAA-4352-82B2-D03D9FD4C3D3}.Release|x64.ActiveCfg = Release|x64
		{57F0ACA9-7AAA-4352-82B2-D03D9FD4C3D3}.Release|x64.Build.0 = Release|x64
		{57F0ACA9-7AAA-4352-82B2-D03D9FD4C3D3}.Release|x86.ActiveCfg = Release|Win32
		{57F0ACA9-7AAA-4352-82B2-D03D9FD4C3D3}.Release|x86.Build.0 = Release|Win32
	EndGlobalSection
	GlobalSection(SolutionProperties) = preSolution
		HideSolutionNode = FALSE
	EndGlobalSection
	GlobalSection(ExtensibilityGlobals) = postSolution
		SolutionGuid = {9F07DD9B-0F7B-44A6-83C7-28541DAF2151}
	EndGlobalSection
EndGlobal
